// !$*UTF8*$!
{
	archiveVersion = 1;
	classes = {
	};
	objectVersion = 77;
	objects = {

/* Begin PBXContainerItemProxy section */
		A0C669652DF943430025B4B5 /* PBXContainerItemProxy */ = {
			isa = PBXContainerItemProxy;
			containerPortal = A0C6694F2DF943400025B4B5 /* Project object */;
			proxyType = 1;
			remoteGlobalIDString = A0C669562DF943400025B4B5;
			remoteInfo = TikTokTwo;
		};
		A0C6696F2DF943430025B4B5 /* PBXContainerItemProxy */ = {
			isa = PBXContainerItemProxy;
			containerPortal = A0C6694F2DF943400025B4B5 /* Project object */;
			proxyType = 1;
			remoteGlobalIDString = A0C669562DF943400025B4B5;
			remoteInfo = TikTokTwo;
		};
/* End PBXContainerItemProxy section */

/* Begin PBXFileReference section */
		A0C669572DF943400025B4B5 /* TikTokTwo.app */ = {isa = PBXFileReference; explicitFileType = wrapper.application; includeInIndex = 0; path = TikTokTwo.app; sourceTree = BUILT_PRODUCTS_DIR; };
		A0C669642DF943430025B4B5 /* TikTokTwoTests.xctest */ = {isa = PBXFileReference; explicitFileType = wrapper.cfbundle; includeInIndex = 0; path = TikTokTwoTests.xctest; sourceTree = BUILT_PRODUCTS_DIR; };
		A0C6696E2DF943430025B4B5 /* TikTokTwoUITests.xctest */ = {isa = PBXFileReference; explicitFileType = wrapper.cfbundle; includeInIndex = 0; path = TikTokTwoUITests.xctest; sourceTree = BUILT_PRODUCTS_DIR; };
/* End PBXFileReference section */

/* Begin PBXFileSystemSynchronizedRootGroup section */
		A0C669592DF943400025B4B5 /* TikTokTwo */ = {
			isa = PBXFileSystemSynchronizedRootGroup;
			path = TikTokTwo;
			sourceTree = "<group>";
		};
		A0C669672DF943430025B4B5 /* TikTokTwoTests */ = {
			isa = PBXFileSystemSynchronizedRootGroup;
			path = TikTokTwoTests;
			sourceTree = "<group>";
		};
		A0C669712DF943430025B4B5 /* TikTokTwoUITests */ = {
			isa = PBXFileSystemSynchronizedRootGroup;
			path = TikTokTwoUITests;
			sourceTree = "<group>";
		};
/* End PBXFileSystemSynchronizedRootGroup section */

/* Begin PBXFrameworksBuildPhase section */
		A0C669542DF943400025B4B5 /* Frameworks */ = {
			isa = PBXFrameworksBuildPhase;
			buildActionMask = 2147483647;
			files = (
			);
			runOnlyForDeploymentPostprocessing = 0;
		};
		A0C669612DF943430025B4B5 /* Frameworks */ = {
			isa = PBXFrameworksBuildPhase;
			buildActionMask = 2147483647;
			files = (
			);
			runOnlyForDeploymentPostprocessing = 0;
		};
		A0C6696B2DF943430025B4B5 /* Frameworks */ = {
			isa = PBXFrameworksBuildPhase;
			buildActionMask = 2147483647;
			files = (
			);
			runOnlyForDeploymentPostprocessing = 0;
		};
/* End PBXFrameworksBuildPhase section */

/* Begin PBXGroup section */
		A0C6694E2DF943400025B4B5 = {
			isa = PBXGroup;
			children = (
				A0C669592DF943400025B4B5 /* TikTokTwo */,
				A0C669672DF943430025B4B5 /* TikTokTwoTests */,
				A0C669712DF943430025B4B5 /* TikTokTwoUITests */,
				A0C669582DF943400025B4B5 /* Products */,
			);
			sourceTree = "<group>";
		};
		A0C669582DF943400025B4B5 /* Products */ = {
			isa = PBXGroup;
			children = (
				A0C669572DF943400025B4B5 /* TikTokTwo.app */,
				A0C669642DF943430025B4B5 /* TikTokTwoTests.xctest */,
				A0C6696E2DF943430025B4B5 /* TikTokTwoUITests.xctest */,
			);
			name = Products;
			sourceTree = "<group>";
		};
/* End PBXGroup section */

/* Begin PBXNativeTarget section */
		A0C669562DF943400025B4B5 /* TikTokTwo */ = {
			isa = PBXNativeTarget;
			buildConfigurationList = A0C669782DF943430025B4B5 /* Build configuration list for PBXNativeTarget "TikTokTwo" */;
			buildPhases = (
				A0C669532DF943400025B4B5 /* Sources */,
				A0C669542DF943400025B4B5 /* Frameworks */,
				A0C669552DF943400025B4B5 /* Resources */,
			);
			buildRules = (
			);
			dependencies = (
			);
			fileSystemSynchronizedGroups = (
				A0C669592DF943400025B4B5 /* TikTokTwo */,
			);
			name = TikTokTwo;
			packageProductDependencies = (
			);
			productName = TikTokTwo;
			productReference = A0C669572DF943400025B4B5 /* TikTokTwo.app */;
			productType = "com.apple.product-type.application";
		};
		A0C669632DF943430025B4B5 /* TikTokTwoTests */ = {
			isa = PBXNativeTarget;
			buildConfigurationList = A0C6697B2DF943430025B4B5 /* Build configuration list for PBXNativeTarget "TikTokTwoTests" */;
			buildPhases = (
				A0C669602DF943430025B4B5 /* Sources */,
				A0C669612DF943430025B4B5 /* Frameworks */,
				A0C669622DF943430025B4B5 /* Resources */,
			);
			buildRules = (
			);
			dependencies = (
				A0C669662DF943430025B4B5 /* PBXTargetDependency */,
			);
			fileSystemSynchronizedGroups = (
				A0C669672DF943430025B4B5 /* TikTokTwoTests */,
			);
			name = TikTokTwoTests;
			packageProductDependencies = (
			);
			productName = TikTokTwoTests;
			productReference = A0C669642DF943430025B4B5 /* TikTokTwoTests.xctest */;
			productType = "com.apple.product-type.bundle.unit-test";
		};
		A0C6696D2DF943430025B4B5 /* TikTokTwoUITests */ = {
			isa = PBXNativeTarget;
			buildConfigurationList = A0C6697E2DF943430025B4B5 /* Build configuration list for PBXNativeTarget "TikTokTwoUITests" */;
			buildPhases = (
				A0C6696A2DF943430025B4B5 /* Sources */,
				A0C6696B2DF943430025B4B5 /* Frameworks */,
				A0C6696C2DF943430025B4B5 /* Resources */,
			);
			buildRules = (
			);
			dependencies = (
				A0C669702DF943430025B4B5 /* PBXTargetDependency */,
			);
			fileSystemSynchronizedGroups = (
				A0C669712DF943430025B4B5 /* TikTokTwoUITests */,
			);
			name = TikTokTwoUITests;
			packageProductDependencies = (
			);
			productName = TikTokTwoUITests;
			productReference = A0C6696E2DF943430025B4B5 /* TikTokTwoUITests.xctest */;
			productType = "com.apple.product-type.bundle.ui-testing";
		};
/* End PBXNativeTarget section */

/* Begin PBXProject section */
		A0C6694F2DF943400025B4B5 /* Project object */ = {
			isa = PBXProject;
			attributes = {
				BuildIndependentTargetsInParallel = 1;
				LastSwiftUpdateCheck = 1640;
				LastUpgradeCheck = 1640;
				TargetAttributes = {
					A0C669562DF943400025B4B5 = {
						CreatedOnToolsVersion = 16.4;
					};
					A0C669632DF943430025B4B5 = {
						CreatedOnToolsVersion = 16.4;
						TestTargetID = A0C669562DF943400025B4B5;
					};
					A0C6696D2DF943430025B4B5 = {
						CreatedOnToolsVersion = 16.4;
						TestTargetID = A0C669562DF943400025B4B5;
					};
				};
			};
			buildConfigurationList = A0C669522DF943400025B4B5 /* Build configuration list for PBXProject "TikTokTwo" */;
			developmentRegion = en;
			hasScannedForEncodings = 0;
			knownRegions = (
				en,
				Base,
			);
			mainGroup = A0C6694E2DF943400025B4B5;
			minimizedProjectReferenceProxies = 1;
			preferredProjectObjectVersion = 77;
			productRefGroup = A0C669582DF943400025B4B5 /* Products */;
			projectDirPath = "";
			projectRoot = "";
			targets = (
				A0C669562DF943400025B4B5 /* TikTokTwo */,
				A0C669632DF943430025B4B5 /* TikTokTwoTests */,
				A0C6696D2DF943430025B4B5 /* TikTokTwoUITests */,
			);
		};
/* End PBXProject section */

/* Begin PBXResourcesBuildPhase section */
		A0C669552DF943400025B4B5 /* Resources */ = {
			isa = PBXResourcesBuildPhase;
			buildActionMask = 2147483647;
			files = (
			);
			runOnlyForDeploymentPostprocessing = 0;
		};
		A0C669622DF943430025B4B5 /* Resources */ = {
			isa = PBXResourcesBuildPhase;
			buildActionMask = 2147483647;
			files = (
			);
			runOnlyForDeploymentPostprocessing = 0;
		};
		A0C6696C2DF943430025B4B5 /* Resources */ = {
			isa = PBXResourcesBuildPhase;
			buildActionMask = 2147483647;
			files = (
			);
			runOnlyForDeploymentPostprocessing = 0;
		};
/* End PBXResourcesBuildPhase section */

/* Begin PBXSourcesBuildPhase section */
		A0C669532DF943400025B4B5 /* Sources */ = {
			isa = PBXSourcesBuildPhase;
			buildActionMask = 2147483647;
			files = (
			);
			runOnlyForDeploymentPostprocessing = 0;
		};
		A0C669602DF943430025B4B5 /* Sources */ = {
			isa = PBXSourcesBuildPhase;
			buildActionMask = 2147483647;
			files = (
			);
			runOnlyForDeploymentPostprocessing = 0;
		};
		A0C6696A2DF943430025B4B5 /* Sources */ = {
			isa = PBXSourcesBuildPhase;
			buildActionMask = 2147483647;
			files = (
			);
			runOnlyForDeploymentPostprocessing = 0;
		};
/* End PBXSourcesBuildPhase section */

/* Begin PBXTargetDependency section */
		A0C669662DF943430025B4B5 /* PBXTargetDependency */ = {
			isa = PBXTargetDependency;
			target = A0C669562DF943400025B4B5 /* TikTokTwo */;
			targetProxy = A0C669652DF943430025B4B5 /* PBXContainerItemProxy */;
		};
		A0C669702DF943430025B4B5 /* PBXTargetDependency */ = {
			isa = PBXTargetDependency;
			target = A0C669562DF943400025B4B5 /* TikTokTwo */;
			targetProxy = A0C6696F2DF943430025B4B5 /* PBXContainerItemProxy */;
		};
/* End PBXTargetDependency section */

/* Begin XCBuildConfiguration section */
		A0C669762DF943430025B4B5 /* Debug */ = {
			isa = XCBuildConfiguration;
			buildSettings = {
				ALWAYS_SEARCH_USER_PATHS = NO;
				ASSETCATALOG_COMPILER_GENERATE_SWIFT_ASSET_SYMBOL_EXTENSIONS = YES;
				CLANG_ANALYZER_NONNULL = YES;
				CLANG_ANALYZER_NUMBER_OBJECT_CONVERSION = YES_AGGRESSIVE;
				CLANG_CXX_LANGUAGE_STANDARD = "gnu++20";
				CLANG_ENABLE_MODULES = YES;
				CLANG_ENABLE_OBJC_ARC = YES;
				CLANG_ENABLE_OBJC_WEAK = YES;
				CLANG_WARN_BLOCK_CAPTURE_AUTORELEASING = YES;
				CLANG_WARN_BOOL_CONVERSION = YES;
				CLANG_WARN_COMMA = YES;
				CLANG_WARN_CONSTANT_CONVERSION = YES;
				CLANG_WARN_DEPRECATED_OBJC_IMPLEMENTATIONS = YES;
				CLANG_WARN_DIRECT_OBJC_ISA_USAGE = YES_ERROR;
				CLANG_WARN_DOCUMENTATION_COMMENTS = YES;
				CLANG_WARN_EMPTY_BODY = YES;
				CLANG_WARN_ENUM_CONVERSION = YES;
				CLANG_WARN_INFINITE_RECURSION = YES;
				CLANG_WARN_INT_CONVERSION = YES;
				CLANG_WARN_NON_LITERAL_NULL_CONVERSION = YES;
				CLANG_WARN_OBJC_IMPLICIT_RETAIN_SELF = YES;
				CLANG_WARN_OBJC_LITERAL_CONVERSION = YES;
				CLANG_WARN_OBJC_ROOT_CLASS = YES_ERROR;
				CLANG_WARN_QUOTED_INCLUDE_IN_FRAMEWORK_HEADER = YES;
				CLANG_WARN_RANGE_LOOP_ANALYSIS = YES;
				CLANG_WARN_STRICT_PROTOTYPES = YES;
				CLANG_WARN_SUSPICIOUS_MOVE = YES;
				CLANG_WARN_UNGUARDED_AVAILABILITY = YES_AGGRESSIVE;
				CLANG_WARN_UNREACHABLE_CODE = YES;
				CLANG_WARN__DUPLICATE_METHOD_MATCH = YES;
				COPY_PHASE_STRIP = NO;
				DEBUG_INFORMATION_FORMAT = dwarf;
				ENABLE_STRICT_OBJC_MSGSEND = YES;
				ENABLE_TESTABILITY = YES;
				ENABLE_USER_SCRIPT_SANDBOXING = YES;
				GCC_C_LANGUAGE_STANDARD = gnu17;
				GCC_DYNAMIC_NO_PIC = NO;
				GCC_NO_COMMON_BLOCKS = YES;
				GCC_OPTIMIZATION_LEVEL = 0;
				GCC_PREPROCESSOR_DEFINITIONS = (
					"DEBUG=1",
					"$(inherited)",
				);
				GCC_WARN_64_TO_32_BIT_CONVERSION = YES;
				GCC_WARN_ABOUT_RETURN_TYPE = YES_ERROR;
				GCC_WARN_UNDECLARED_SELECTOR = YES;
				GCC_WARN_UNINITIALIZED_AUTOS = YES_AGGRESSIVE;
				GCC_WARN_UNUSED_FUNCTION = YES;
				GCC_WARN_UNUSED_VARIABLE = YES;
				IPHONEOS_DEPLOYMENT_TARGET = 18.5;
				LOCALIZATION_PREFERS_STRING_CATALOGS = YES;
				MTL_ENABLE_DEBUG_INFO = INCLUDE_SOURCE;
				MTL_FAST_MATH = YES;
				ONLY_ACTIVE_ARCH = YES;
				SDKROOT = iphoneos;
				SWIFT_ACTIVE_COMPILATION_CONDITIONS = "DEBUG $(inherited)";
				SWIFT_OPTIMIZATION_LEVEL = "-Onone";
			};
			name = Debug;
		};
		A0C669772DF943430025B4B5 /* Release */ = {
			isa = XCBuildConfiguration;
			buildSettings = {
				ALWAYS_SEARCH_USER_PATHS = NO;
				ASSETCATALOG_COMPILER_GENERATE_SWIFT_ASSET_SYMBOL_EXTENSIONS = YES;
				CLANG_ANALYZER_NONNULL = YES;
				CLANG_ANALYZER_NUMBER_OBJECT_CONVERSION = YES_AGGRESSIVE;
				CLANG_CXX_LANGUAGE_STANDARD = "gnu++20";
				CLANG_ENABLE_MODULES = YES;
				CLANG_ENABLE_OBJC_ARC = YES;
				CLANG_ENABLE_OBJC_WEAK = YES;
				CLANG_WARN_BLOCK_CAPTURE_AUTORELEASING = YES;
				CLANG_WARN_BOOL_CONVERSION = YES;
				CLANG_WARN_COMMA = YES;
				CLANG_WARN_CONSTANT_CONVERSION = YES;
				CLANG_WARN_DEPRECATED_OBJC_IMPLEMENTATIONS = YES;
				CLANG_WARN_DIRECT_OBJC_ISA_USAGE = YES_ERROR;
				CLANG_WARN_DOCUMENTATION_COMMENTS = YES;
				CLANG_WARN_EMPTY_BODY = YES;
				CLANG_WARN_ENUM_CONVERSION = YES;
				CLANG_WARN_INFINITE_RECURSION = YES;
				CLANG_WARN_INT_CONVERSION = YES;
				CLANG_WARN_NON_LITERAL_NULL_CONVERSION = YES;
				CLANG_WARN_OBJC_IMPLICIT_RETAIN_SELF = YES;
				CLANG_WARN_OBJC_LITERAL_CONVERSION = YES;
				CLANG_WARN_OBJC_ROOT_CLASS = YES_ERROR;
				CLANG_WARN_QUOTED_INCLUDE_IN_FRAMEWORK_HEADER = YES;
				CLANG_WARN_RANGE_LOOP_ANALYSIS = YES;
				CLANG_WARN_STRICT_PROTOTYPES = YES;
				CLANG_WARN_SUSPICIOUS_MOVE = YES;
				CLANG_WARN_UNGUARDED_AVAILABILITY = YES_AGGRESSIVE;
				CLANG_WARN_UNREACHABLE_CODE = YES;
				CLANG_WARN__DUPLICATE_METHOD_MATCH = YES;
				COPY_PHASE_STRIP = NO;
				DEBUG_INFORMATION_FORMAT = "dwarf-with-dsym";
				ENABLE_NS_ASSERTIONS = NO;
				ENABLE_STRICT_OBJC_MSGSEND = YES;
				ENABLE_USER_SCRIPT_SANDBOXING = YES;
				GCC_C_LANGUAGE_STANDARD = gnu17;
				GCC_NO_COMMON_BLOCKS = YES;
				GCC_WARN_64_TO_32_BIT_CONVERSION = YES;
				GCC_WARN_ABOUT_RETURN_TYPE = YES_ERROR;
				GCC_WARN_UNDECLARED_SELECTOR = YES;
				GCC_WARN_UNINITIALIZED_AUTOS = YES_AGGRESSIVE;
				GCC_WARN_UNUSED_FUNCTION = YES;
				GCC_WARN_UNUSED_VARIABLE = YES;
				IPHONEOS_DEPLOYMENT_TARGET = 18.5;
				LOCALIZATION_PREFERS_STRING_CATALOGS = YES;
				MTL_ENABLE_DEBUG_INFO = NO;
				MTL_FAST_MATH = YES;
				SDKROOT = iphoneos;
				SWIFT_COMPILATION_MODE = wholemodule;
				VALIDATE_PRODUCT = YES;
			};
			name = Release;
		};
		A0C669792DF943430025B4B5 /* Debug */ = {
			isa = XCBuildConfiguration;
			buildSettings = {
				ASSETCATALOG_COMPILER_APPICON_NAME = AppIcon;
				ASSETCATALOG_COMPILER_GLOBAL_ACCENT_COLOR_NAME = AccentColor;
				CODE_SIGN_STYLE = Automatic;
				CURRENT_PROJECT_VERSION = 1;
				ENABLE_PREVIEWS = YES;
				GENERATE_INFOPLIST_FILE = YES;
				INFOPLIST_KEY_UIApplicationSceneManifest_Generation = YES;
				INFOPLIST_KEY_UIApplicationSupportsIndirectInputEvents = YES;
				INFOPLIST_KEY_UILaunchScreen_Generation = YES;
				INFOPLIST_KEY_UISupportedInterfaceOrientations_iPad = "UIInterfaceOrientationPortrait UIInterfaceOrientationPortraitUpsideDown UIInterfaceOrientationLandscapeLeft UIInterfaceOrientationLandscapeRight";
				INFOPLIST_KEY_UISupportedInterfaceOrientations_iPhone = "UIInterfaceOrientationPortrait UIInterfaceOrientationLandscapeLeft UIInterfaceOrientationLandscapeRight";
				LD_RUNPATH_SEARCH_PATHS = (
					"$(inherited)",
					"@executable_path/Frameworks",
				);
				MARKETING_VERSION = 1.0;
				PRODUCT_BUNDLE_IDENTIFIER = doubleA.TikTokTwo;
				PRODUCT_NAME = "$(TARGET_NAME)";
				SWIFT_EMIT_LOC_STRINGS = YES;
				SWIFT_VERSION = 5.0;
				TARGETED_DEVICE_FAMILY = "1,2";
			};
			name = Debug;
		};
		A0C6697A2DF943430025B4B5 /* Release */ = {
			isa = XCBuildConfiguration;
			buildSettings = {
				ASSETCATALOG_COMPILER_APPICON_NAME = AppIcon;
				ASSETCATALOG_COMPILER_GLOBAL_ACCENT_COLOR_NAME = AccentColor;
				CODE_SIGN_STYLE = Automatic;
				CURRENT_PROJECT_VERSION = 1;
				ENABLE_PREVIEWS = YES;
				GENERATE_INFOPLIST_FILE = YES;
				INFOPLIST_KEY_UIApplicationSceneManifest_Generation = YES;
				INFOPLIST_KEY_UIApplicationSupportsIndirectInputEvents = YES;
				INFOPLIST_KEY_UILaunchScreen_Generation = YES;
				INFOPLIST_KEY_UISupportedInterfaceOrientations_iPad = "UIInterfaceOrientationPortrait UIInterfaceOrientationPortraitUpsideDown UIInterfaceOrientationLandscapeLeft UIInterfaceOrientationLandscapeRight";
				INFOPLIST_KEY_UISupportedInterfaceOrientations_iPhone = "UIInterfaceOrientationPortrait UIInterfaceOrientationLandscapeLeft UIInterfaceOrientationLandscapeRight";
				LD_RUNPATH_SEARCH_PATHS = (
					"$(inherited)",
					"@executable_path/Frameworks",
				);
				MARKETING_VERSION = 1.0;
				PRODUCT_BUNDLE_IDENTIFIER = doubleA.TikTokTwo;
				PRODUCT_NAME = "$(TARGET_NAME)";
				SWIFT_EMIT_LOC_STRINGS = YES;
				SWIFT_VERSION = 5.0;
				TARGETED_DEVICE_FAMILY = "1,2";
			};
			name = Release;
		};
		A0C6697C2DF943430025B4B5 /* Debug */ = {
			isa = XCBuildConfiguration;
			buildSettings = {
				BUNDLE_LOADER = "$(TEST_HOST)";
				CODE_SIGN_STYLE = Automatic;
				CURRENT_PROJECT_VERSION = 1;
				GENERATE_INFOPLIST_FILE = YES;
				IPHONEOS_DEPLOYMENT_TARGET = 18.5;
				MARKETING_VERSION = 1.0;
				PRODUCT_BUNDLE_IDENTIFIER = doubleA.TikTokTwoTests;
				PRODUCT_NAME = "$(TARGET_NAME)";
				SWIFT_EMIT_LOC_STRINGS = NO;
				SWIFT_VERSION = 5.0;
				TARGETED_DEVICE_FAMILY = "1,2";
				TEST_HOST = "$(BUILT_PRODUCTS_DIR)/TikTokTwo.app/$(BUNDLE_EXECUTABLE_FOLDER_PATH)/TikTokTwo";
			};
			name = Debug;
		};
		A0C6697D2DF943430025B4B5 /* Release */ = {
			isa = XCBuildConfiguration;
			buildSettings = {
				BUNDLE_LOADER = "$(TEST_HOST)";
				CODE_SIGN_STYLE = Automatic;
				CURRENT_PROJECT_VERSION = 1;
				GENERATE_INFOPLIST_FILE = YES;
				IPHONEOS_DEPLOYMENT_TARGET = 18.5;
				MARKETING_VERSION = 1.0;
				PRODUCT_BUNDLE_IDENTIFIER = doubleA.TikTokTwoTests;
				PRODUCT_NAME = "$(TARGET_NAME)";
				SWIFT_EMIT_LOC_STRINGS = NO;
				SWIFT_VERSION = 5.0;
				TARGETED_DEVICE_FAMILY = "1,2";
				TEST_HOST = "$(BUILT_PRODUCTS_DIR)/TikTokTwo.app/$(BUNDLE_EXECUTABLE_FOLDER_PATH)/TikTokTwo";
			};
			name = Release;
		};
		A0C6697F2DF943430025B4B5 /* Debug */ = {
			isa = XCBuildConfiguration;
			buildSettings = {
				CODE_SIGN_STYLE = Automatic;
				CURRENT_PROJECT_VERSION = 1;
				GENERATE_INFOPLIST_FILE = YES;
				MARKETING_VERSION = 1.0;
				PRODUCT_BUNDLE_IDENTIFIER = doubleA.TikTokTwoUITests;
				PRODUCT_NAME = "$(TARGET_NAME)";
				SWIFT_EMIT_LOC_STRINGS = NO;
				SWIFT_VERSION = 5.0;
				TARGETED_DEVICE_FAMILY = "1,2";
				TEST_TARGET_NAME = TikTokTwo;
			};
			name = Debug;
		};
		A0C669802DF943430025B4B5 /* Release */ = {
			isa = XCBuildConfiguration;
			buildSettings = {
				CODE_SIGN_STYLE = Automatic;
				CURRENT_PROJECT_VERSION = 1;
				GENERATE_INFOPLIST_FILE = YES;
				MARKETING_VERSION = 1.0;
				PRODUCT_BUNDLE_IDENTIFIER = doubleA.TikTokTwoUITests;
				PRODUCT_NAME = "$(TARGET_NAME)";
				SWIFT_EMIT_LOC_STRINGS = NO;
				SWIFT_VERSION = 5.0;
				TARGETED_DEVICE_FAMILY = "1,2";
				TEST_TARGET_NAME = TikTokTwo;
			};
			name = Release;
		};
/* End XCBuildConfiguration section */

/* Begin XCConfigurationList section */
		A0C669522DF943400025B4B5 /* Build configuration list for PBXProject "TikTokTwo" */ = {
			isa = XCConfigurationList;
			buildConfigurations = (
				A0C669762DF943430025B4B5 /* Debug */,
				A0C669772DF943430025B4B5 /* Release */,
			);
			defaultConfigurationIsVisible = 0;
			defaultConfigurationName = Release;
		};
		A0C669782DF943430025B4B5 /* Build configuration list for PBXNativeTarget "TikTokTwo" */ = {
			isa = XCConfigurationList;
			buildConfigurations = (
				A0C669792DF943430025B4B5 /* Debug */,
				A0C6697A2DF943430025B4B5 /* Release */,
			);
			defaultConfigurationIsVisible = 0;
			defaultConfigurationName = Release;
		};
		A0C6697B2DF943430025B4B5 /* Build configuration list for PBXNativeTarget "TikTokTwoTests" */ = {
			isa = XCConfigurationList;
			buildConfigurations = (
				A0C6697C2DF943430025B4B5 /* Debug */,
				A0C6697D2DF943430025B4B5 /* Release */,
			);
			defaultConfigurationIsVisible = 0;
			defaultConfigurationName = Release;
		};
		A0C6697E2DF943430025B4B5 /* Build configuration list for PBXNativeTarget "TikTokTwoUITests" */ = {
			isa = XCConfigurationList;
			buildConfigurations = (
				A0C6697F2DF943430025B4B5 /* Debug */,
				A0C669802DF943430025B4B5 /* Release */,
			);
			defaultConfigurationIsVisible = 0;
			defaultConfigurationName = Release;
		};
/* End XCConfigurationList section */
	};
	rootObject = A0C6694F2DF943400025B4B5 /* Project object */;
}
